
Microsoft Visual Studio Solution File, Format Version 12.00
# Visual Studio Version 17
VisualStudioVersion = 17.14.36109.1 d17.14
MinimumVisualStudioVersion = 10.0.40219.1
Project("{FAE04EC0-301F-11D3-BF4B-00C04F79EFBC}") = "Connect Three", "Connect Three\Connect Three.csproj", "{27F80846-7F10-4FDF-B225-99DDC1499E45}"
EndProject
Global
	GlobalSection(SolutionConfigurationPlatforms) = preSolution
		Debug|Any CPU = Debug|Any CPU
		Release|Any CPU = Release|Any CPU
	EndGlobalSection
	GlobalSection(ProjectConfigurationPlatforms) = postSolution
		{27F80846-7F10-4FDF-B225-99DDC1499E45}.Debug|Any CPU.ActiveCfg = Debug|Any CPU
		{27F80846-7F10-4FDF-B225-99DDC1499E45}.Debug|Any CPU.Build.0 = Debug|Any CPU
		{27F80846-7F10-4FDF-B225-99DDC1499E45}.Release|Any CPU.ActiveCfg = Release|Any CPU
		{27F80846-7F10-4FDF-B225-99DDC1499E45}.Release|Any CPU.Build.0 = Release|Any CPU
	EndGlobalSection
	GlobalSection(SolutionProperties) = preSolution
		HideSolutionNode = FALSE
	EndGlobalSection
	GlobalSection(ExtensibilityGlobals) = postSolution
		SolutionGuid = {5EFD15EC-1D3D-412F-96A0-082947A9A7A2}
	EndGlobalSection
EndGlobal
